
Microsoft Visual Studio Solution File, Format Version 12.00
# Visual Studio Version 17
VisualStudioVersion = 17.11.35219.272
MinimumVisualStudioVersion = 10.0.40219.1
Project("{FAE04EC0-301F-11D3-BF4B-00C04F79EFBC}") = "MauiCamMqttClient", "MauiCamMqttClient\MauiCamMqttClient.csproj", "{4BF7BB73-1DF8-4797-B7C2-C9471D872E68}"
EndProject
Project("{FAE04EC0-301F-11D3-BF4B-00C04F79EFBC}") = "Models", "Models\Models.csproj", "{41CB4EF9-342C-4E54-8FFA-EC2A3AA9E97F}"
EndProject
Project("{FAE04EC0-301F-11D3-BF4B-00C04F79EFBC}") = "Repository", "Repository\Repository.csproj", "{0BE38B24-6ACA-46DA-A3C1-DDA3169D7385}"
EndProject
Project("{FAE04EC0-301F-11D3-BF4B-00C04F79EFBC}") = "DatabaseContexts", "DatabaseContexts\DatabaseContexts.csproj", "{A39BAC8F-6324-4C28-9902-F87A8B73B1CE}"
EndProject
Project("{FAE04EC0-301F-11D3-BF4B-00C04F79EFBC}") = "ViewModelLayer", "ViewModelLayer\ViewModelLayer.csproj", "{0D1DD869-6043-455B-B88D-8BD0E7E235F3}"
EndProject
Project("{FAE04EC0-301F-11D3-BF4B-00C04F79EFBC}") = "MqttClientService", "MqttClientService\MqttClientService.csproj", "{924A5C32-D938-455D-8AB8-C8B3989CE236}"
EndProject
Project("{FAE04EC0-301F-11D3-BF4B-00C04F79EFBC}") = "MQTTConfigWebApi", "MQTTConfigWebApi\MQTTConfigWebApi.csproj", "{C93026CE-FF67-4755-B460-977C844E94F6}"
EndProject
Project("{FAE04EC0-301F-11D3-BF4B-00C04F79EFBC}") = "KiotaAccountApp.AppHost", "KiotaAccountApp.AppHost\KiotaAccountApp.AppHost.csproj", "{3BA367B5-0AD5-4A81-AEE9-9D5514926FDA}"
EndProject
Project("{FAE04EC0-301F-11D3-BF4B-00C04F79EFBC}") = "KiotaAccountApp.ServiceDefaults", "KiotaAccountApp.ServiceDefaults\KiotaAccountApp.ServiceDefaults.csproj", "{55CA00AE-E7DB-408C-9DD4-697CE90E5578}"
EndProject
Global
	GlobalSection(SolutionConfigurationPlatforms) = preSolution
		Debug|Any CPU = Debug|Any CPU
		Debug|x64 = Debug|x64
		Debug|x86 = Debug|x86
		Release|Any CPU = Release|Any CPU
		Release|x64 = Release|x64
		Release|x86 = Release|x86
		Unicode Debug|Any CPU = Unicode Debug|Any CPU
		Unicode Debug|x64 = Unicode Debug|x64
		Unicode Debug|x86 = Unicode Debug|x86
	EndGlobalSection
	GlobalSection(ProjectConfigurationPlatforms) = postSolution
		{4BF7BB73-1DF8-4797-B7C2-C9471D872E68}.Debug|Any CPU.ActiveCfg = Debug|Any CPU
		{4BF7BB73-1DF8-4797-B7C2-C9471D872E68}.Debug|Any CPU.Build.0 = Debug|Any CPU
		{4BF7BB73-1DF8-4797-B7C2-C9471D872E68}.Debug|Any CPU.Deploy.0 = Debug|Any CPU
		{4BF7BB73-1DF8-4797-B7C2-C9471D872E68}.Debug|x64.ActiveCfg = Debug|Any CPU
		{4BF7BB73-1DF8-4797-B7C2-C9471D872E68}.Debug|x64.Build.0 = Debug|Any CPU
		{4BF7BB73-1DF8-4797-B7C2-C9471D872E68}.Debug|x64.Deploy.0 = Debug|Any CPU
		{4BF7BB73-1DF8-4797-B7C2-C9471D872E68}.Debug|x86.ActiveCfg = Debug|Any CPU
		{4BF7BB73-1DF8-4797-B7C2-C9471D872E68}.Debug|x86.Build.0 = Debug|Any CPU
		{4BF7BB73-1DF8-4797-B7C2-C9471D872E68}.Debug|x86.Deploy.0 = Debug|Any CPU
		{4BF7BB73-1DF8-4797-B7C2-C9471D872E68}.Release|Any CPU.ActiveCfg = Release|Any CPU
		{4BF7BB73-1DF8-4797-B7C2-C9471D872E68}.Release|Any CPU.Build.0 = Release|Any CPU
		{4BF7BB73-1DF8-4797-B7C2-C9471D872E68}.Release|Any CPU.Deploy.0 = Release|Any CPU
		{4BF7BB73-1DF8-4797-B7C2-C9471D872E68}.Release|x64.ActiveCfg = Release|Any CPU
		{4BF7BB73-1DF8-4797-B7C2-C9471D872E68}.Release|x64.Build.0 = Release|Any CPU
		{4BF7BB73-1DF8-4797-B7C2-C9471D872E68}.Release|x64.Deploy.0 = Release|Any CPU
		{4BF7BB73-1DF8-4797-B7C2-C9471D872E68}.Release|x86.ActiveCfg = Release|Any CPU
		{4BF7BB73-1DF8-4797-B7C2-C9471D872E68}.Release|x86.Build.0 = Release|Any CPU
		{4BF7BB73-1DF8-4797-B7C2-C9471D872E68}.Release|x86.Deploy.0 = Release|Any CPU
		{4BF7BB73-1DF8-4797-B7C2-C9471D872E68}.Unicode Debug|Any CPU.ActiveCfg = Debug|Any CPU
		{4BF7BB73-1DF8-4797-B7C2-C9471D872E68}.Unicode Debug|Any CPU.Build.0 = Debug|Any CPU
		{4BF7BB73-1DF8-4797-B7C2-C9471D872E68}.Unicode Debug|Any CPU.Deploy.0 = Debug|Any CPU
		{4BF7BB73-1DF8-4797-B7C2-C9471D872E68}.Unicode Debug|x64.ActiveCfg = Debug|Any CPU
		{4BF7BB73-1DF8-4797-B7C2-C9471D872E68}.Unicode Debug|x64.Build.0 = Debug|Any CPU
		{4BF7BB73-1DF8-4797-B7C2-C9471D872E68}.Unicode Debug|x64.Deploy.0 = Debug|Any CPU
		{4BF7BB73-1DF8-4797-B7C2-C9471D872E68}.Unicode Debug|x86.ActiveCfg = Debug|Any CPU
		{4BF7BB73-1DF8-4797-B7C2-C9471D872E68}.Unicode Debug|x86.Build.0 = Debug|Any CPU
		{4BF7BB73-1DF8-4797-B7C2-C9471D872E68}.Unicode Debug|x86.Deploy.0 = Debug|Any CPU
		{41CB4EF9-342C-4E54-8FFA-EC2A3AA9E97F}.Debug|Any CPU.ActiveCfg = Debug|Any CPU
		{41CB4EF9-342C-4E54-8FFA-EC2A3AA9E97F}.Debug|Any CPU.Build.0 = Debug|Any CPU
		{41CB4EF9-342C-4E54-8FFA-EC2A3AA9E97F}.Debug|x64.ActiveCfg = Debug|Any CPU
		{41CB4EF9-342C-4E54-8FFA-EC2A3AA9E97F}.Debug|x64.Build.0 = Debug|Any CPU
		{41CB4EF9-342C-4E54-8FFA-EC2A3AA9E97F}.Debug|x86.ActiveCfg = Debug|Any CPU
		{41CB4EF9-342C-4E54-8FFA-EC2A3AA9E97F}.Debug|x86.Build.0 = Debug|Any CPU
		{41CB4EF9-342C-4E54-8FFA-EC2A3AA9E97F}.Release|Any CPU.ActiveCfg = Release|Any CPU
		{41CB4EF9-342C-4E54-8FFA-EC2A3AA9E97F}.Release|Any CPU.Build.0 = Release|Any CPU
		{41CB4EF9-342C-4E54-8FFA-EC2A3AA9E97F}.Release|x64.ActiveCfg = Release|Any CPU
		{41CB4EF9-342C-4E54-8FFA-EC2A3AA9E97F}.Release|x64.Build.0 = Release|Any CPU
		{41CB4EF9-342C-4E54-8FFA-EC2A3AA9E97F}.Release|x86.ActiveCfg = Release|Any CPU
		{41CB4EF9-342C-4E54-8FFA-EC2A3AA9E97F}.Release|x86.Build.0 = Release|Any CPU
		{41CB4EF9-342C-4E54-8FFA-EC2A3AA9E97F}.Unicode Debug|Any CPU.ActiveCfg = Debug|Any CPU
		{41CB4EF9-342C-4E54-8FFA-EC2A3AA9E97F}.Unicode Debug|Any CPU.Build.0 = Debug|Any CPU
		{41CB4EF9-342C-4E54-8FFA-EC2A3AA9E97F}.Unicode Debug|x64.ActiveCfg = Debug|Any CPU
		{41CB4EF9-342C-4E54-8FFA-EC2A3AA9E97F}.Unicode Debug|x64.Build.0 = Debug|Any CPU
		{41CB4EF9-342C-4E54-8FFA-EC2A3AA9E97F}.Unicode Debug|x86.ActiveCfg = Debug|Any CPU
		{41CB4EF9-342C-4E54-8FFA-EC2A3AA9E97F}.Unicode Debug|x86.Build.0 = Debug|Any CPU
		{0BE38B24-6ACA-46DA-A3C1-DDA3169D7385}.Debug|Any CPU.ActiveCfg = Debug|Any CPU
		{0BE38B24-6ACA-46DA-A3C1-DDA3169D7385}.Debug|Any CPU.Build.0 = Debug|Any CPU
		{0BE38B24-6ACA-46DA-A3C1-DDA3169D7385}.Debug|x64.ActiveCfg = Debug|Any CPU
		{0BE38B24-6ACA-46DA-A3C1-DDA3169D7385}.Debug|x64.Build.0 = Debug|Any CPU
		{0BE38B24-6ACA-46DA-A3C1-DDA3169D7385}.Debug|x86.ActiveCfg = Debug|Any CPU
		{0BE38B24-6ACA-46DA-A3C1-DDA3169D7385}.Debug|x86.Build.0 = Debug|Any CPU
		{0BE38B24-6ACA-46DA-A3C1-DDA3169D7385}.Release|Any CPU.ActiveCfg = Release|Any CPU
		{0BE38B24-6ACA-46DA-A3C1-DDA3169D7385}.Release|Any CPU.Build.0 = Release|Any CPU
		{0BE38B24-6ACA-46DA-A3C1-DDA3169D7385}.Release|x64.ActiveCfg = Release|Any CPU
		{0BE38B24-6ACA-46DA-A3C1-DDA3169D7385}.Release|x64.Build.0 = Release|Any CPU
		{0BE38B24-6ACA-46DA-A3C1-DDA3169D7385}.Release|x86.ActiveCfg = Release|Any CPU
		{0BE38B24-6ACA-46DA-A3C1-DDA3169D7385}.Release|x86.Build.0 = Release|Any CPU
		{0BE38B24-6ACA-46DA-A3C1-DDA3169D7385}.Unicode Debug|Any CPU.ActiveCfg = Debug|Any CPU
		{0BE38B24-6ACA-46DA-A3C1-DDA3169D7385}.Unicode Debug|Any CPU.Build.0 = Debug|Any CPU
		{0BE38B24-6ACA-46DA-A3C1-DDA3169D7385}.Unicode Debug|x64.ActiveCfg = Debug|Any CPU
		{0BE38B24-6ACA-46DA-A3C1-DDA3169D7385}.Unicode Debug|x64.Build.0 = Debug|Any CPU
		{0BE38B24-6ACA-46DA-A3C1-DDA3169D7385}.Unicode Debug|x86.ActiveCfg = Debug|Any CPU
		{0BE38B24-6ACA-46DA-A3C1-DDA3169D7385}.Unicode Debug|x86.Build.0 = Debug|Any CPU
		{A39BAC8F-6324-4C28-9902-F87A8B73B1CE}.Debug|Any CPU.ActiveCfg = Debug|Any CPU
		{A39BAC8F-6324-4C28-9902-F87A8B73B1CE}.Debug|Any CPU.Build.0 = Debug|Any CPU
		{A39BAC8F-6324-4C28-9902-F87A8B73B1CE}.Debug|x64.ActiveCfg = Debug|Any CPU
		{A39BAC8F-6324-4C28-9902-F87A8B73B1CE}.Debug|x64.Build.0 = Debug|Any CPU
		{A39BAC8F-6324-4C28-9902-F87A8B73B1CE}.Debug|x86.ActiveCfg = Debug|Any CPU
		{A39BAC8F-6324-4C28-9902-F87A8B73B1CE}.Debug|x86.Build.0 = Debug|Any CPU
		{A39BAC8F-6324-4C28-9902-F87A8B73B1CE}.Release|Any CPU.ActiveCfg = Release|Any CPU
		{A39BAC8F-6324-4C28-9902-F87A8B73B1CE}.Release|Any CPU.Build.0 = Release|Any CPU
		{A39BAC8F-6324-4C28-9902-F87A8B73B1CE}.Release|x64.ActiveCfg = Release|Any CPU
		{A39BAC8F-6324-4C28-9902-F87A8B73B1CE}.Release|x64.Build.0 = Release|Any CPU
		{A39BAC8F-6324-4C28-9902-F87A8B73B1CE}.Release|x86.ActiveCfg = Release|Any CPU
		{A39BAC8F-6324-4C28-9902-F87A8B73B1CE}.Release|x86.Build.0 = Release|Any CPU
		{A39BAC8F-6324-4C28-9902-F87A8B73B1CE}.Unicode Debug|Any CPU.ActiveCfg = Debug|Any CPU
		{A39BAC8F-6324-4C28-9902-F87A8B73B1CE}.Unicode Debug|Any CPU.Build.0 = Debug|Any CPU
		{A39BAC8F-6324-4C28-9902-F87A8B73B1CE}.Unicode Debug|x64.ActiveCfg = Debug|Any CPU
		{A39BAC8F-6324-4C28-9902-F87A8B73B1CE}.Unicode Debug|x64.Build.0 = Debug|Any CPU
		{A39BAC8F-6324-4C28-9902-F87A8B73B1CE}.Unicode Debug|x86.ActiveCfg = Debug|Any CPU
		{A39BAC8F-6324-4C28-9902-F87A8B73B1CE}.Unicode Debug|x86.Build.0 = Debug|Any CPU
		{0D1DD869-6043-455B-B88D-8BD0E7E235F3}.Debug|Any CPU.ActiveCfg = Debug|Any CPU
		{0D1DD869-6043-455B-B88D-8BD0E7E235F3}.Debug|Any CPU.Build.0 = Debug|Any CPU
		{0D1DD869-6043-455B-B88D-8BD0E7E235F3}.Debug|x64.ActiveCfg = Debug|Any CPU
		{0D1DD869-6043-455B-B88D-8BD0E7E235F3}.Debug|x64.Build.0 = Debug|Any CPU
		{0D1DD869-6043-455B-B88D-8BD0E7E235F3}.Debug|x86.ActiveCfg = Debug|Any CPU
		{0D1DD869-6043-455B-B88D-8BD0E7E235F3}.Debug|x86.Build.0 = Debug|Any CPU
		{0D1DD869-6043-455B-B88D-8BD0E7E235F3}.Release|Any CPU.ActiveCfg = Release|Any CPU
		{0D1DD869-6043-455B-B88D-8BD0E7E235F3}.Release|Any CPU.Build.0 = Release|Any CPU
		{0D1DD869-6043-455B-B88D-8BD0E7E235F3}.Release|x64.ActiveCfg = Release|Any CPU
		{0D1DD869-6043-455B-B88D-8BD0E7E235F3}.Release|x64.Build.0 = Release|Any CPU
		{0D1DD869-6043-455B-B88D-8BD0E7E235F3}.Release|x86.ActiveCfg = Release|Any CPU
		{0D1DD869-6043-455B-B88D-8BD0E7E235F3}.Release|x86.Build.0 = Release|Any CPU
		{0D1DD869-6043-455B-B88D-8BD0E7E235F3}.Unicode Debug|Any CPU.ActiveCfg = Debug|Any CPU
		{0D1DD869-6043-455B-B88D-8BD0E7E235F3}.Unicode Debug|Any CPU.Build.0 = Debug|Any CPU
		{0D1DD869-6043-455B-B88D-8BD0E7E235F3}.Unicode Debug|x64.ActiveCfg = Debug|Any CPU
		{0D1DD869-6043-455B-B88D-8BD0E7E235F3}.Unicode Debug|x64.Build.0 = Debug|Any CPU
		{0D1DD869-6043-455B-B88D-8BD0E7E235F3}.Unicode Debug|x86.ActiveCfg = Debug|Any CPU
		{0D1DD869-6043-455B-B88D-8BD0E7E235F3}.Unicode Debug|x86.Build.0 = Debug|Any CPU
		{924A5C32-D938-455D-8AB8-C8B3989CE236}.Debug|Any CPU.ActiveCfg = Debug|Any CPU
		{924A5C32-D938-455D-8AB8-C8B3989CE236}.Debug|Any CPU.Build.0 = Debug|Any CPU
		{924A5C32-D938-455D-8AB8-C8B3989CE236}.Debug|x64.ActiveCfg = Debug|Any CPU
		{924A5C32-D938-455D-8AB8-C8B3989CE236}.Debug|x64.Build.0 = Debug|Any CPU
		{924A5C32-D938-455D-8AB8-C8B3989CE236}.Debug|x86.ActiveCfg = Debug|Any CPU
		{924A5C32-D938-455D-8AB8-C8B3989CE236}.Debug|x86.Build.0 = Debug|Any CPU
		{924A5C32-D938-455D-8AB8-C8B3989CE236}.Release|Any CPU.ActiveCfg = Release|Any CPU
		{924A5C32-D938-455D-8AB8-C8B3989CE236}.Release|Any CPU.Build.0 = Release|Any CPU
		{924A5C32-D938-455D-8AB8-C8B3989CE236}.Release|x64.ActiveCfg = Release|Any CPU
		{924A5C32-D938-455D-8AB8-C8B3989CE236}.Release|x64.Build.0 = Release|Any CPU
		{924A5C32-D938-455D-8AB8-C8B3989CE236}.Release|x86.ActiveCfg = Release|Any CPU
		{924A5C32-D938-455D-8AB8-C8B3989CE236}.Release|x86.Build.0 = Release|Any CPU
		{924A5C32-D938-455D-8AB8-C8B3989CE236}.Unicode Debug|Any CPU.ActiveCfg = Debug|Any CPU
		{924A5C32-D938-455D-8AB8-C8B3989CE236}.Unicode Debug|Any CPU.Build.0 = Debug|Any CPU
		{924A5C32-D938-455D-8AB8-C8B3989CE236}.Unicode Debug|x64.ActiveCfg = Debug|Any CPU
		{924A5C32-D938-455D-8AB8-C8B3989CE236}.Unicode Debug|x64.Build.0 = Debug|Any CPU
		{924A5C32-D938-455D-8AB8-C8B3989CE236}.Unicode Debug|x86.ActiveCfg = Debug|Any CPU
		{924A5C32-D938-455D-8AB8-C8B3989CE236}.Unicode Debug|x86.Build.0 = Debug|Any CPU
		{C93026CE-FF67-4755-B460-977C844E94F6}.Debug|Any CPU.ActiveCfg = Debug|Any CPU
		{C93026CE-FF67-4755-B460-977C844E94F6}.Debug|Any CPU.Build.0 = Debug|Any CPU
		{C93026CE-FF67-4755-B460-977C844E94F6}.Debug|x64.ActiveCfg = Debug|Any CPU
		{C93026CE-FF67-4755-B460-977C844E94F6}.Debug|x64.Build.0 = Debug|Any CPU
		{C93026CE-FF67-4755-B460-977C844E94F6}.Debug|x86.ActiveCfg = Debug|Any CPU
		{C93026CE-FF67-4755-B460-977C844E94F6}.Debug|x86.Build.0 = Debug|Any CPU
		{C93026CE-FF67-4755-B460-977C844E94F6}.Release|Any CPU.ActiveCfg = Release|Any CPU
		{C93026CE-FF67-4755-B460-977C844E94F6}.Release|Any CPU.Build.0 = Release|Any CPU
		{C93026CE-FF67-4755-B460-977C844E94F6}.Release|x64.ActiveCfg = Release|Any CPU
		{C93026CE-FF67-4755-B460-977C844E94F6}.Release|x64.Build.0 = Release|Any CPU
		{C93026CE-FF67-4755-B460-977C844E94F6}.Release|x86.ActiveCfg = Release|Any CPU
		{C93026CE-FF67-4755-B460-977C844E94F6}.Release|x86.Build.0 = Release|Any CPU
		{C93026CE-FF67-4755-B460-977C844E94F6}.Unicode Debug|Any CPU.ActiveCfg = Debug|Any CPU
		{C93026CE-FF67-4755-B460-977C844E94F6}.Unicode Debug|Any CPU.Build.0 = Debug|Any CPU
		{C93026CE-FF67-4755-B460-977C844E94F6}.Unicode Debug|x64.ActiveCfg = Debug|Any CPU
		{C93026CE-FF67-4755-B460-977C844E94F6}.Unicode Debug|x64.Build.0 = Debug|Any CPU
		{C93026CE-FF67-4755-B460-977C844E94F6}.Unicode Debug|x86.ActiveCfg = Debug|Any CPU
		{C93026CE-FF67-4755-B460-977C844E94F6}.Unicode Debug|x86.Build.0 = Debug|Any CPU
		{3BA367B5-0AD5-4A81-AEE9-9D5514926FDA}.Debug|Any CPU.ActiveCfg = Debug|Any CPU
		{3BA367B5-0AD5-4A81-AEE9-9D5514926FDA}.Debug|Any CPU.Build.0 = Debug|Any CPU
		{3BA367B5-0AD5-4A81-AEE9-9D5514926FDA}.Debug|x64.ActiveCfg = Debug|Any CPU
		{3BA367B5-0AD5-4A81-AEE9-9D5514926FDA}.Debug|x64.Build.0 = Debug|Any CPU
		{3BA367B5-0AD5-4A81-AEE9-9D5514926FDA}.Debug|x86.ActiveCfg = Debug|Any CPU
		{3BA367B5-0AD5-4A81-AEE9-9D5514926FDA}.Debug|x86.Build.0 = Debug|Any CPU
		{3BA367B5-0AD5-4A81-AEE9-9D5514926FDA}.Release|Any CPU.ActiveCfg = Release|Any CPU
		{3BA367B5-0AD5-4A81-AEE9-9D5514926FDA}.Release|Any CPU.Build.0 = Release|Any CPU
		{3BA367B5-0AD5-4A81-AEE9-9D5514926FDA}.Release|x64.ActiveCfg = Release|Any CPU
		{3BA367B5-0AD5-4A81-AEE9-9D5514926FDA}.Release|x64.Build.0 = Release|Any CPU
		{3BA367B5-0AD5-4A81-AEE9-9D5514926FDA}.Release|x86.ActiveCfg = Release|Any CPU
		{3BA367B5-0AD5-4A81-AEE9-9D5514926FDA}.Release|x86.Build.0 = Release|Any CPU
		{3BA367B5-0AD5-4A81-AEE9-9D5514926FDA}.Unicode Debug|Any CPU.ActiveCfg = Debug|Any CPU
		{3BA367B5-0AD5-4A81-AEE9-9D5514926FDA}.Unicode Debug|Any CPU.Build.0 = Debug|Any CPU
		{3BA367B5-0AD5-4A81-AEE9-9D5514926FDA}.Unicode Debug|x64.ActiveCfg = Debug|Any CPU
		{3BA367B5-0AD5-4A81-AEE9-9D5514926FDA}.Unicode Debug|x64.Build.0 = Debug|Any CPU
		{3BA367B5-0AD5-4A81-AEE9-9D5514926FDA}.Unicode Debug|x86.ActiveCfg = Debug|Any CPU
		{3BA367B5-0AD5-4A81-AEE9-9D5514926FDA}.Unicode Debug|x86.Build.0 = Debug|Any CPU
		{55CA00AE-E7DB-408C-9DD4-697CE90E5578}.Debug|Any CPU.ActiveCfg = Debug|Any CPU
		{55CA00AE-E7DB-408C-9DD4-697CE90E5578}.Debug|Any CPU.Build.0 = Debug|Any CPU
		{55CA00AE-E7DB-408C-9DD4-697CE90E5578}.Debug|x64.ActiveCfg = Debug|Any CPU
		{55CA00AE-E7DB-408C-9DD4-697CE90E5578}.Debug|x64.Build.0 = Debug|Any CPU
		{55CA00AE-E7DB-408C-9DD4-697CE90E5578}.Debug|x86.ActiveCfg = Debug|Any CPU
		{55CA00AE-E7DB-408C-9DD4-697CE90E5578}.Debug|x86.Build.0 = Debug|Any CPU
		{55CA00AE-E7DB-408C-9DD4-697CE90E5578}.Release|Any CPU.ActiveCfg = Release|Any CPU
		{55CA00AE-E7DB-408C-9DD4-697CE90E5578}.Release|Any CPU.Build.0 = Release|Any CPU
		{55CA00AE-E7DB-408C-9DD4-697CE90E5578}.Release|x64.ActiveCfg = Release|Any CPU
		{55CA00AE-E7DB-408C-9DD4-697CE90E5578}.Release|x64.Build.0 = Release|Any CPU
		{55CA00AE-E7DB-408C-9DD4-697CE90E5578}.Release|x86.ActiveCfg = Release|Any CPU
		{55CA00AE-E7DB-408C-9DD4-697CE90E5578}.Release|x86.Build.0 = Release|Any CPU
		{55CA00AE-E7DB-408C-9DD4-697CE90E5578}.Unicode Debug|Any CPU.ActiveCfg = Debug|Any CPU
		{55CA00AE-E7DB-408C-9DD4-697CE90E5578}.Unicode Debug|Any CPU.Build.0 = Debug|Any CPU
		{55CA00AE-E7DB-408C-9DD4-697CE90E5578}.Unicode Debug|x64.ActiveCfg = Debug|Any CPU
		{55CA00AE-E7DB-408C-9DD4-697CE90E5578}.Unicode Debug|x64.Build.0 = Debug|Any CPU
		{55CA00AE-E7DB-408C-9DD4-697CE90E5578}.Unicode Debug|x86.ActiveCfg = Debug|Any CPU
		{55CA00AE-E7DB-408C-9DD4-697CE90E5578}.Unicode Debug|x86.Build.0 = Debug|Any CPU
	EndGlobalSection
	GlobalSection(SolutionProperties) = preSolution
		HideSolutionNode = FALSE
	EndGlobalSection
	GlobalSection(ExtensibilityGlobals) = postSolution
		SolutionGuid = {34E0B7F4-4604-4360-AB9D-D8917D3EAA04}
	EndGlobalSection
EndGlobal
